
Microsoft Visual Studio Solution File, Format Version 12.00
# Visual Studio Version 17
VisualStudioVersion = 17.9.34616.47
MinimumVisualStudioVersion = 10.0.40219.1
Project("{9A19103F-16F7-4668-BE54-9A1E7A4F7556}") = "Account.Api", "src\Account.Api\Account.Api.csproj", "{59A57045-5BC8-4339-8584-464654F47B16}"
EndProject
Project("{E53339B2-1760-4266-BCC7-CA923CBCF16C}") = "docker-compose", "docker-compose.dcproj", "{FB5D14B7-4292-4BB5-B8A2-299F718D9F26}"
EndProject
Project("{FAE04EC0-301F-11D3-BF4B-00C04F79EFBC}") = "Yarp.LoadBalancer", "src\Yarp.LoadBalancer\Yarp.LoadBalancer.csproj", "{B0FCC33D-11C7-4D25-A152-698B70B62EA4}"
EndProject
Project("{2150E333-8FDC-42A3-9474-1A3956D46DE8}") = "Solution Items", "Solution Items", "{58E3E7C5-327D-4A21-B2EC-12F1DAD6D37B}"
	ProjectSection(SolutionItems) = preProject
		init-db.sql = init-db.sql
	EndProjectSection
EndProject
Global
	GlobalSection(SolutionConfigurationPlatforms) = preSolution
		Debug|Any CPU = Debug|Any CPU
		Release|Any CPU = Release|Any CPU
	EndGlobalSection
	GlobalSection(ProjectConfigurationPlatforms) = postSolution
		{59A57045-5BC8-4339-8584-464654F47B16}.Debug|Any CPU.ActiveCfg = Debug|Any CPU
		{59A57045-5BC8-4339-8584-464654F47B16}.Debug|Any CPU.Build.0 = Debug|Any CPU
		{59A57045-5BC8-4339-8584-464654F47B16}.Release|Any CPU.ActiveCfg = Release|Any CPU
		{59A57045-5BC8-4339-8584-464654F47B16}.Release|Any CPU.Build.0 = Release|Any CPU
		{FB5D14B7-4292-4BB5-B8A2-299F718D9F26}.Debug|Any CPU.ActiveCfg = Debug|Any CPU
		{FB5D14B7-4292-4BB5-B8A2-299F718D9F26}.Debug|Any CPU.Build.0 = Debug|Any CPU
		{FB5D14B7-4292-4BB5-B8A2-299F718D9F26}.Release|Any CPU.ActiveCfg = Release|Any CPU
		{FB5D14B7-4292-4BB5-B8A2-299F718D9F26}.Release|Any CPU.Build.0 = Release|Any CPU
		{B0FCC33D-11C7-4D25-A152-698B70B62EA4}.Debug|Any CPU.ActiveCfg = Debug|Any CPU
		{B0FCC33D-11C7-4D25-A152-698B70B62EA4}.Debug|Any CPU.Build.0 = Debug|Any CPU
		{B0FCC33D-11C7-4D25-A152-698B70B62EA4}.Release|Any CPU.ActiveCfg = Release|Any CPU
		{B0FCC33D-11C7-4D25-A152-698B70B62EA4}.Release|Any CPU.Build.0 = Release|Any CPU
	EndGlobalSection
	GlobalSection(SolutionProperties) = preSolution
		HideSolutionNode = FALSE
	EndGlobalSection
	GlobalSection(ExtensibilityGlobals) = postSolution
		SolutionGuid = {C981BC62-342E-4DEF-9140-576E7FB23812}
	EndGlobalSection
EndGlobal
